
Microsoft Visual Studio Solution File, Format Version 12.00
# Visual Studio Version 17
VisualStudioVersion = 17.14.36301.6
MinimumVisualStudioVersion = 10.0.40219.1
Project("{FAE04EC0-301F-11D3-BF4B-00C04F79EFBC}") = "SpartanVentasApi", "SpartanVentasApi.csproj", "{EC4BB8C7-F6BF-4D20-BD9C-2ACCCBD3988D}"
EndProject
Global
	GlobalSection(SolutionConfigurationPlatforms) = preSolution
		Debug|Any CPU = Debug|Any CPU
		Release|Any CPU = Release|Any CPU
	EndGlobalSection
	GlobalSection(ProjectConfigurationPlatforms) = postSolution
		{EC4BB8C7-F6BF-4D20-BD9C-2ACCCBD3988D}.Debug|Any CPU.ActiveCfg = Debug|Any CPU
		{EC4BB8C7-F6BF-4D20-BD9C-2ACCCBD3988D}.Debug|Any CPU.Build.0 = Debug|Any CPU
		{EC4BB8C7-F6BF-4D20-BD9C-2ACCCBD3988D}.Release|Any CPU.ActiveCfg = Release|Any CPU
		{EC4BB8C7-F6BF-4D20-BD9C-2ACCCBD3988D}.Release|Any CPU.Build.0 = Release|Any CPU
	EndGlobalSection
	GlobalSection(SolutionProperties) = preSolution
		HideSolutionNode = FALSE
	EndGlobalSection
	GlobalSection(ExtensibilityGlobals) = postSolution
		SolutionGuid = {D5F7D32E-CD65-40F8-8DBE-013C747E7DF6}
	EndGlobalSection
EndGlobal
